{
  "name": "webpack",
  "version": "1.0.0",
  "lockfileVersion": 1,
  "requires": true,
  "dependencies": {
    "hashrouter": {
      "version": "1.1.1",
      "resolved": "https://registry.nlark.com/hashrouter/download/hashrouter-1.1.1.tgz",
      "integrity": "sha1-TaUy1jOxXNwDh5ZOO/wcLM/Kcc8=",
      "requires": {
        "http-hash": "^1.0.2"
      }
    },
    "http-hash": {
      "version": "1.1.1",
      "resolved": "https://registry.nlark.com/http-hash/download/http-hash-1.1.1.tgz",
      "integrity": "sha1-3yBnnR3zWQUqPIVyvzNSMHYtQo0="
    }
  }
}
